
Microsoft Visual Studio Solution File, Format Version 12.00
# Visual Studio 2012
Project("{8BC9CEB8-8B4A-11D0-8D11-00A0C91BC942}") = "Predloga_za_nitiVS", "Predloga_za_nitiVS.vcxproj", "{87A3CB18-B688-419F-BA7B-F29D4B7A5068}"
EndProject
Global
	GlobalSection(SolutionConfigurationPlatforms) = preSolution
		Debug|Win32 = Debug|Win32
		Release|Win32 = Release|Win32
	EndGlobalSection
	GlobalSection(ProjectConfigurationPlatforms) = postSolution
		{87A3CB18-B688-419F-BA7B-F29D4B7A5068}.Debug|Win32.ActiveCfg = Debug|Win32
		{87A3CB18-B688-419F-BA7B-F29D4B7A5068}.Debug|Win32.Build.0 = Debug|Win32
		{87A3CB18-B688-419F-BA7B-F29D4B7A5068}.Release|Win32.ActiveCfg = Release|Win32
		{87A3CB18-B688-419F-BA7B-F29D4B7A5068}.Release|Win32.Build.0 = Release|Win32
	EndGlobalSection
	GlobalSection(SolutionProperties) = preSolution
		HideSolutionNode = FALSE
	EndGlobalSection
EndGlobal
